
Microsoft Visual Studio Solution File, Format Version 12.00
# Visual Studio Version 16
VisualStudioVersion = 16.0.31205.134
MinimumVisualStudioVersion = 10.0.40219.1
Project("{FAE04EC0-301F-11D3-BF4B-00C04F79EFBC}") = "SuperBloki.Domain", "SuperBloki.Domain\SuperBloki.Domain.csproj", "{B87528B1-2DDF-4398-8F35-70DA8852B9A2}"
EndProject
Project("{FAE04EC0-301F-11D3-BF4B-00C04F79EFBC}") = "SuperBloki.WebUI", "SuperBloki.WebUI\SuperBloki.WebUI.csproj", "{94CC6CAF-292E-40BF-8117-7ADDD0B229A1}"
EndProject
Project("{FAE04EC0-301F-11D3-BF4B-00C04F79EFBC}") = "SuperBloki.UnitTests", "SuperBloki.UnitTests\SuperBloki.UnitTests.csproj", "{B17C94C5-F209-41F3-92AA-55F89D7106CA}"
EndProject
Global
	GlobalSection(SolutionConfigurationPlatforms) = preSolution
		Debug|Any CPU = Debug|Any CPU
		Release|Any CPU = Release|Any CPU
	EndGlobalSection
	GlobalSection(ProjectConfigurationPlatforms) = postSolution
		{B87528B1-2DDF-4398-8F35-70DA8852B9A2}.Debug|Any CPU.ActiveCfg = Debug|Any CPU
		{B87528B1-2DDF-4398-8F35-70DA8852B9A2}.Debug|Any CPU.Build.0 = Debug|Any CPU
		{B87528B1-2DDF-4398-8F35-70DA8852B9A2}.Release|Any CPU.ActiveCfg = Release|Any CPU
		{B87528B1-2DDF-4398-8F35-70DA8852B9A2}.Release|Any CPU.Build.0 = Release|Any CPU
		{94CC6CAF-292E-40BF-8117-7ADDD0B229A1}.Debug|Any CPU.ActiveCfg = Debug|Any CPU
		{94CC6CAF-292E-40BF-8117-7ADDD0B229A1}.Debug|Any CPU.Build.0 = Debug|Any CPU
		{94CC6CAF-292E-40BF-8117-7ADDD0B229A1}.Release|Any CPU.ActiveCfg = Release|Any CPU
		{94CC6CAF-292E-40BF-8117-7ADDD0B229A1}.Release|Any CPU.Build.0 = Release|Any CPU
		{B17C94C5-F209-41F3-92AA-55F89D7106CA}.Debug|Any CPU.ActiveCfg = Debug|Any CPU
		{B17C94C5-F209-41F3-92AA-55F89D7106CA}.Debug|Any CPU.Build.0 = Debug|Any CPU
		{B17C94C5-F209-41F3-92AA-55F89D7106CA}.Release|Any CPU.ActiveCfg = Release|Any CPU
		{B17C94C5-F209-41F3-92AA-55F89D7106CA}.Release|Any CPU.Build.0 = Release|Any CPU
	EndGlobalSection
	GlobalSection(SolutionProperties) = preSolution
		HideSolutionNode = FALSE
	EndGlobalSection
	GlobalSection(ExtensibilityGlobals) = postSolution
		SolutionGuid = {C050D8D4-F340-4464-87FD-882B240A4893}
	EndGlobalSection
EndGlobal
